
Microsoft Visual Studio Solution File, Format Version 12.00
# Visual Studio Version 17
VisualStudioVersion = 17.6.33723.286
MinimumVisualStudioVersion = 10.0.40219.1
Project("{9A19103F-16F7-4668-BE54-9A1E7A4F7556}") = "ConnectHealthApi", "ConnectHealthApi.csproj", "{48F081E2-7ECD-4998-8840-16FF87A29041}"
EndProject
Global
	GlobalSection(SolutionConfigurationPlatforms) = preSolution
		Debug|Any CPU = Debug|Any CPU
		Release|Any CPU = Release|Any CPU
	EndGlobalSection
	GlobalSection(ProjectConfigurationPlatforms) = postSolution
		{48F081E2-7ECD-4998-8840-16FF87A29041}.Debug|Any CPU.ActiveCfg = Debug|Any CPU
		{48F081E2-7ECD-4998-8840-16FF87A29041}.Debug|Any CPU.Build.0 = Debug|Any CPU
		{48F081E2-7ECD-4998-8840-16FF87A29041}.Release|Any CPU.ActiveCfg = Release|Any CPU
		{48F081E2-7ECD-4998-8840-16FF87A29041}.Release|Any CPU.Build.0 = Release|Any CPU
	EndGlobalSection
	GlobalSection(SolutionProperties) = preSolution
		HideSolutionNode = FALSE
	EndGlobalSection
	GlobalSection(ExtensibilityGlobals) = postSolution
		SolutionGuid = {C845A31A-BE93-40AE-AEDD-260F15E6665C}
	EndGlobalSection
EndGlobal
